
Microsoft Visual Studio Solution File, Format Version 12.00
# Visual Studio Version 16
VisualStudioVersion = 16.0.30114.105
MinimumVisualStudioVersion = 10.0.40219.1
Project("{2150E333-8FDC-42A3-9474-1A3956D46DE8}") = "src", "src", "{44AB9EBE-70DC-443B-9C5A-91958F7FAFD8}"
EndProject
Project("{2150E333-8FDC-42A3-9474-1A3956D46DE8}") = "core", "core", "{D7B8703C-369C-4F82-B4B7-7D8E8A592A50}"
EndProject
Project("{FAE04EC0-301F-11D3-BF4B-00C04F79EFBC}") = "Travel.Domain", "src\core\Travel.Domain\Travel.Domain.csproj", "{201DCFA6-0BE3-43E9-B4F0-622A49395BA9}"
EndProject
Project("{FAE04EC0-301F-11D3-BF4B-00C04F79EFBC}") = "Travel.Application", "src\core\Travel.Application\Travel.Application.csproj", "{69C79DD0-EA33-4A01-856F-3F486A23934D}"
EndProject
Project("{2150E333-8FDC-42A3-9474-1A3956D46DE8}") = "Infrastructure", "Infrastructure", "{827FF786-7EDE-4EFF-8C58-7D5878A06D11}"
EndProject
Project("{FAE04EC0-301F-11D3-BF4B-00C04F79EFBC}") = "Travel.Data", "src\Infrastructure\Travel.Data\Travel.Data.csproj", "{A055B8FE-C826-4475-99F1-7D8393C88ED2}"
EndProject
Project("{FAE04EC0-301F-11D3-BF4B-00C04F79EFBC}") = "Travel.Shared", "src\Infrastructure\Travel.Shared\Travel.Shared.csproj", "{090B6D7F-2147-48F3-8627-34EF443E69FF}"
EndProject
Project("{2150E333-8FDC-42A3-9474-1A3956D46DE8}") = "Presentation", "Presentation", "{EC463657-67CB-4E40-9218-A5C204232992}"
EndProject
Project("{FAE04EC0-301F-11D3-BF4B-00C04F79EFBC}") = "Travel.Api", "src\Presentation\Travel.Api\Travel.Api.csproj", "{1E0CC6BC-5DA2-41E8-840A-04CD7BFC3345}"
EndProject
Global
	GlobalSection(SolutionConfigurationPlatforms) = preSolution
		Debug|Any CPU = Debug|Any CPU
		Debug|x64 = Debug|x64
		Debug|x86 = Debug|x86
		Release|Any CPU = Release|Any CPU
		Release|x64 = Release|x64
		Release|x86 = Release|x86
	EndGlobalSection
	GlobalSection(SolutionProperties) = preSolution
		HideSolutionNode = FALSE
	EndGlobalSection
	GlobalSection(ProjectConfigurationPlatforms) = postSolution
		{201DCFA6-0BE3-43E9-B4F0-622A49395BA9}.Debug|Any CPU.ActiveCfg = Debug|Any CPU
		{201DCFA6-0BE3-43E9-B4F0-622A49395BA9}.Debug|Any CPU.Build.0 = Debug|Any CPU
		{201DCFA6-0BE3-43E9-B4F0-622A49395BA9}.Debug|x64.ActiveCfg = Debug|Any CPU
		{201DCFA6-0BE3-43E9-B4F0-622A49395BA9}.Debug|x64.Build.0 = Debug|Any CPU
		{201DCFA6-0BE3-43E9-B4F0-622A49395BA9}.Debug|x86.ActiveCfg = Debug|Any CPU
		{201DCFA6-0BE3-43E9-B4F0-622A49395BA9}.Debug|x86.Build.0 = Debug|Any CPU
		{201DCFA6-0BE3-43E9-B4F0-622A49395BA9}.Release|Any CPU.ActiveCfg = Release|Any CPU
		{201DCFA6-0BE3-43E9-B4F0-622A49395BA9}.Release|Any CPU.Build.0 = Release|Any CPU
		{201DCFA6-0BE3-43E9-B4F0-622A49395BA9}.Release|x64.ActiveCfg = Release|Any CPU
		{201DCFA6-0BE3-43E9-B4F0-622A49395BA9}.Release|x64.Build.0 = Release|Any CPU
		{201DCFA6-0BE3-43E9-B4F0-622A49395BA9}.Release|x86.ActiveCfg = Release|Any CPU
		{201DCFA6-0BE3-43E9-B4F0-622A49395BA9}.Release|x86.Build.0 = Release|Any CPU
		{69C79DD0-EA33-4A01-856F-3F486A23934D}.Debug|Any CPU.ActiveCfg = Debug|Any CPU
		{69C79DD0-EA33-4A01-856F-3F486A23934D}.Debug|Any CPU.Build.0 = Debug|Any CPU
		{69C79DD0-EA33-4A01-856F-3F486A23934D}.Debug|x64.ActiveCfg = Debug|Any CPU
		{69C79DD0-EA33-4A01-856F-3F486A23934D}.Debug|x64.Build.0 = Debug|Any CPU
		{69C79DD0-EA33-4A01-856F-3F486A23934D}.Debug|x86.ActiveCfg = Debug|Any CPU
		{69C79DD0-EA33-4A01-856F-3F486A23934D}.Debug|x86.Build.0 = Debug|Any CPU
		{69C79DD0-EA33-4A01-856F-3F486A23934D}.Release|Any CPU.ActiveCfg = Release|Any CPU
		{69C79DD0-EA33-4A01-856F-3F486A23934D}.Release|Any CPU.Build.0 = Release|Any CPU
		{69C79DD0-EA33-4A01-856F-3F486A23934D}.Release|x64.ActiveCfg = Release|Any CPU
		{69C79DD0-EA33-4A01-856F-3F486A23934D}.Release|x64.Build.0 = Release|Any CPU
		{69C79DD0-EA33-4A01-856F-3F486A23934D}.Release|x86.ActiveCfg = Release|Any CPU
		{69C79DD0-EA33-4A01-856F-3F486A23934D}.Release|x86.Build.0 = Release|Any CPU
		{A055B8FE-C826-4475-99F1-7D8393C88ED2}.Debug|Any CPU.ActiveCfg = Debug|Any CPU
		{A055B8FE-C826-4475-99F1-7D8393C88ED2}.Debug|Any CPU.Build.0 = Debug|Any CPU
		{A055B8FE-C826-4475-99F1-7D8393C88ED2}.Debug|x64.ActiveCfg = Debug|Any CPU
		{A055B8FE-C826-4475-99F1-7D8393C88ED2}.Debug|x64.Build.0 = Debug|Any CPU
		{A055B8FE-C826-4475-99F1-7D8393C88ED2}.Debug|x86.ActiveCfg = Debug|Any CPU
		{A055B8FE-C826-4475-99F1-7D8393C88ED2}.Debug|x86.Build.0 = Debug|Any CPU
		{A055B8FE-C826-4475-99F1-7D8393C88ED2}.Release|Any CPU.ActiveCfg = Release|Any CPU
		{A055B8FE-C826-4475-99F1-7D8393C88ED2}.Release|Any CPU.Build.0 = Release|Any CPU
		{A055B8FE-C826-4475-99F1-7D8393C88ED2}.Release|x64.ActiveCfg = Release|Any CPU
		{A055B8FE-C826-4475-99F1-7D8393C88ED2}.Release|x64.Build.0 = Release|Any CPU
		{A055B8FE-C826-4475-99F1-7D8393C88ED2}.Release|x86.ActiveCfg = Release|Any CPU
		{A055B8FE-C826-4475-99F1-7D8393C88ED2}.Release|x86.Build.0 = Release|Any CPU
		{090B6D7F-2147-48F3-8627-34EF443E69FF}.Debug|Any CPU.ActiveCfg = Debug|Any CPU
		{090B6D7F-2147-48F3-8627-34EF443E69FF}.Debug|Any CPU.Build.0 = Debug|Any CPU
		{090B6D7F-2147-48F3-8627-34EF443E69FF}.Debug|x64.ActiveCfg = Debug|Any CPU
		{090B6D7F-2147-48F3-8627-34EF443E69FF}.Debug|x64.Build.0 = Debug|Any CPU
		{090B6D7F-2147-48F3-8627-34EF443E69FF}.Debug|x86.ActiveCfg = Debug|Any CPU
		{090B6D7F-2147-48F3-8627-34EF443E69FF}.Debug|x86.Build.0 = Debug|Any CPU
		{090B6D7F-2147-48F3-8627-34EF443E69FF}.Release|Any CPU.ActiveCfg = Release|Any CPU
		{090B6D7F-2147-48F3-8627-34EF443E69FF}.Release|Any CPU.Build.0 = Release|Any CPU
		{090B6D7F-2147-48F3-8627-34EF443E69FF}.Release|x64.ActiveCfg = Release|Any CPU
		{090B6D7F-2147-48F3-8627-34EF443E69FF}.Release|x64.Build.0 = Release|Any CPU
		{090B6D7F-2147-48F3-8627-34EF443E69FF}.Release|x86.ActiveCfg = Release|Any CPU
		{090B6D7F-2147-48F3-8627-34EF443E69FF}.Release|x86.Build.0 = Release|Any CPU
		{1E0CC6BC-5DA2-41E8-840A-04CD7BFC3345}.Debug|Any CPU.ActiveCfg = Debug|Any CPU
		{1E0CC6BC-5DA2-41E8-840A-04CD7BFC3345}.Debug|Any CPU.Build.0 = Debug|Any CPU
		{1E0CC6BC-5DA2-41E8-840A-04CD7BFC3345}.Debug|x64.ActiveCfg = Debug|Any CPU
		{1E0CC6BC-5DA2-41E8-840A-04CD7BFC3345}.Debug|x64.Build.0 = Debug|Any CPU
		{1E0CC6BC-5DA2-41E8-840A-04CD7BFC3345}.Debug|x86.ActiveCfg = Debug|Any CPU
		{1E0CC6BC-5DA2-41E8-840A-04CD7BFC3345}.Debug|x86.Build.0 = Debug|Any CPU
		{1E0CC6BC-5DA2-41E8-840A-04CD7BFC3345}.Release|Any CPU.ActiveCfg = Release|Any CPU
		{1E0CC6BC-5DA2-41E8-840A-04CD7BFC3345}.Release|Any CPU.Build.0 = Release|Any CPU
		{1E0CC6BC-5DA2-41E8-840A-04CD7BFC3345}.Release|x64.ActiveCfg = Release|Any CPU
		{1E0CC6BC-5DA2-41E8-840A-04CD7BFC3345}.Release|x64.Build.0 = Release|Any CPU
		{1E0CC6BC-5DA2-41E8-840A-04CD7BFC3345}.Release|x86.ActiveCfg = Release|Any CPU
		{1E0CC6BC-5DA2-41E8-840A-04CD7BFC3345}.Release|x86.Build.0 = Release|Any CPU
	EndGlobalSection
	GlobalSection(NestedProjects) = preSolution
		{D7B8703C-369C-4F82-B4B7-7D8E8A592A50} = {44AB9EBE-70DC-443B-9C5A-91958F7FAFD8}
		{201DCFA6-0BE3-43E9-B4F0-622A49395BA9} = {D7B8703C-369C-4F82-B4B7-7D8E8A592A50}
		{69C79DD0-EA33-4A01-856F-3F486A23934D} = {D7B8703C-369C-4F82-B4B7-7D8E8A592A50}
		{827FF786-7EDE-4EFF-8C58-7D5878A06D11} = {44AB9EBE-70DC-443B-9C5A-91958F7FAFD8}
		{A055B8FE-C826-4475-99F1-7D8393C88ED2} = {827FF786-7EDE-4EFF-8C58-7D5878A06D11}
		{090B6D7F-2147-48F3-8627-34EF443E69FF} = {827FF786-7EDE-4EFF-8C58-7D5878A06D11}
		{EC463657-67CB-4E40-9218-A5C204232992} = {44AB9EBE-70DC-443B-9C5A-91958F7FAFD8}
		{1E0CC6BC-5DA2-41E8-840A-04CD7BFC3345} = {EC463657-67CB-4E40-9218-A5C204232992}
	EndGlobalSection
EndGlobal
